
Microsoft Visual Studio Solution File, Format Version 12.00
# Visual Studio 15
VisualStudioVersion = 15.0.26124.0
MinimumVisualStudioVersion = 15.0.26124.0
Project("{FAE04EC0-301F-11D3-BF4B-00C04F79EFBC}") = "send-email", "send-email\send-email.csproj", "{C85023DA-43C4-4D11-AA61-926718FFBD92}"
EndProject
Project("{FAE04EC0-301F-11D3-BF4B-00C04F79EFBC}") = "send-email.Tests", "send-email.Tests\send-email.Tests.csproj", "{BAAAF098-7BDE-42D0-A5CB-4AAFE4EA15DF}"
EndProject
Global
	GlobalSection(SolutionConfigurationPlatforms) = preSolution
		Debug|Any CPU = Debug|Any CPU
		Debug|x64 = Debug|x64
		Debug|x86 = Debug|x86
		Release|Any CPU = Release|Any CPU
		Release|x64 = Release|x64
		Release|x86 = Release|x86
	EndGlobalSection
	GlobalSection(SolutionProperties) = preSolution
		HideSolutionNode = FALSE
	EndGlobalSection
	GlobalSection(ProjectConfigurationPlatforms) = postSolution
		{C85023DA-43C4-4D11-AA61-926718FFBD92}.Debug|Any CPU.ActiveCfg = Debug|Any CPU
		{C85023DA-43C4-4D11-AA61-926718FFBD92}.Debug|Any CPU.Build.0 = Debug|Any CPU
		{C85023DA-43C4-4D11-AA61-926718FFBD92}.Debug|x64.ActiveCfg = Debug|x64
		{C85023DA-43C4-4D11-AA61-926718FFBD92}.Debug|x64.Build.0 = Debug|x64
		{C85023DA-43C4-4D11-AA61-926718FFBD92}.Debug|x86.ActiveCfg = Debug|x86
		{C85023DA-43C4-4D11-AA61-926718FFBD92}.Debug|x86.Build.0 = Debug|x86
		{C85023DA-43C4-4D11-AA61-926718FFBD92}.Release|Any CPU.ActiveCfg = Release|Any CPU
		{C85023DA-43C4-4D11-AA61-926718FFBD92}.Release|Any CPU.Build.0 = Release|Any CPU
		{C85023DA-43C4-4D11-AA61-926718FFBD92}.Release|x64.ActiveCfg = Release|x64
		{C85023DA-43C4-4D11-AA61-926718FFBD92}.Release|x64.Build.0 = Release|x64
		{C85023DA-43C4-4D11-AA61-926718FFBD92}.Release|x86.ActiveCfg = Release|x86
		{C85023DA-43C4-4D11-AA61-926718FFBD92}.Release|x86.Build.0 = Release|x86
		{BAAAF098-7BDE-42D0-A5CB-4AAFE4EA15DF}.Debug|Any CPU.ActiveCfg = Debug|Any CPU
		{BAAAF098-7BDE-42D0-A5CB-4AAFE4EA15DF}.Debug|Any CPU.Build.0 = Debug|Any CPU
		{BAAAF098-7BDE-42D0-A5CB-4AAFE4EA15DF}.Debug|x64.ActiveCfg = Debug|x64
		{BAAAF098-7BDE-42D0-A5CB-4AAFE4EA15DF}.Debug|x64.Build.0 = Debug|x64
		{BAAAF098-7BDE-42D0-A5CB-4AAFE4EA15DF}.Debug|x86.ActiveCfg = Debug|x86
		{BAAAF098-7BDE-42D0-A5CB-4AAFE4EA15DF}.Debug|x86.Build.0 = Debug|x86
		{BAAAF098-7BDE-42D0-A5CB-4AAFE4EA15DF}.Release|Any CPU.ActiveCfg = Release|Any CPU
		{BAAAF098-7BDE-42D0-A5CB-4AAFE4EA15DF}.Release|Any CPU.Build.0 = Release|Any CPU
		{BAAAF098-7BDE-42D0-A5CB-4AAFE4EA15DF}.Release|x64.ActiveCfg = Release|x64
		{BAAAF098-7BDE-42D0-A5CB-4AAFE4EA15DF}.Release|x64.Build.0 = Release|x64
		{BAAAF098-7BDE-42D0-A5CB-4AAFE4EA15DF}.Release|x86.ActiveCfg = Release|x86
		{BAAAF098-7BDE-42D0-A5CB-4AAFE4EA15DF}.Release|x86.Build.0 = Release|x86
	EndGlobalSection
EndGlobal
